
Microsoft Visual Studio Solution File, Format Version 12.00
# Visual Studio Version 16
VisualStudioVersion = 16.0.30804.86
MinimumVisualStudioVersion = 10.0.40219.1
Project("{FAE04EC0-301F-11D3-BF4B-00C04F79EFBC}") = "LINQ-Union-Except-Intersect", "LINQ-Union-Except-Intersect\LINQ-Union-Except-Intersect.csproj", "{D266F03C-0166-4250-9A0F-AB1D9CE727F9}"
EndProject
Global
	GlobalSection(SolutionConfigurationPlatforms) = preSolution
		Debug|Any CPU = Debug|Any CPU
		Release|Any CPU = Release|Any CPU
	EndGlobalSection
	GlobalSection(ProjectConfigurationPlatforms) = postSolution
		{D266F03C-0166-4250-9A0F-AB1D9CE727F9}.Debug|Any CPU.ActiveCfg = Debug|Any CPU
		{D266F03C-0166-4250-9A0F-AB1D9CE727F9}.Debug|Any CPU.Build.0 = Debug|Any CPU
		{D266F03C-0166-4250-9A0F-AB1D9CE727F9}.Release|Any CPU.ActiveCfg = Release|Any CPU
		{D266F03C-0166-4250-9A0F-AB1D9CE727F9}.Release|Any CPU.Build.0 = Release|Any CPU
	EndGlobalSection
	GlobalSection(SolutionProperties) = preSolution
		HideSolutionNode = FALSE
	EndGlobalSection
	GlobalSection(ExtensibilityGlobals) = postSolution
		SolutionGuid = {A8B7C0D5-ECB8-4A1F-951D-A8A13D260465}
	EndGlobalSection
EndGlobal
